
Microsoft Visual Studio Solution File, Format Version 12.00
# Visual Studio Version 16
VisualStudioVersion = 16.0.31205.134
MinimumVisualStudioVersion = 10.0.40219.1
Project("{FAE04EC0-301F-11D3-BF4B-00C04F79EFBC}") = "PersonInfo", "PersonInfo\PersonInfo.csproj", "{96499CB7-90A6-4CF5-9271-7C862745C056}"
EndProject
Global
	GlobalSection(SolutionConfigurationPlatforms) = preSolution
		Debug|Any CPU = Debug|Any CPU
		Release|Any CPU = Release|Any CPU
	EndGlobalSection
	GlobalSection(ProjectConfigurationPlatforms) = postSolution
		{96499CB7-90A6-4CF5-9271-7C862745C056}.Debug|Any CPU.ActiveCfg = Debug|Any CPU
		{96499CB7-90A6-4CF5-9271-7C862745C056}.Debug|Any CPU.Build.0 = Debug|Any CPU
		{96499CB7-90A6-4CF5-9271-7C862745C056}.Release|Any CPU.ActiveCfg = Release|Any CPU
		{96499CB7-90A6-4CF5-9271-7C862745C056}.Release|Any CPU.Build.0 = Release|Any CPU
	EndGlobalSection
	GlobalSection(SolutionProperties) = preSolution
		HideSolutionNode = FALSE
	EndGlobalSection
	GlobalSection(ExtensibilityGlobals) = postSolution
		SolutionGuid = {18E4B7D2-D2A5-4B8D-B081-0C409509AA55}
	EndGlobalSection
EndGlobal
